
Microsoft Visual Studio Solution File, Format Version 12.00
# Visual Studio Version 16
VisualStudioVersion = 16.0.32228.343
MinimumVisualStudioVersion = 10.0.40219.1
Project("{FAE04EC0-301F-11D3-BF4B-00C04F79EFBC}") = "RetrievingData", "RetrievingData\RetrievingData.csproj", "{9BE32F5A-FF72-49FB-8A72-7E4EDC330A68}"
EndProject
Global
	GlobalSection(SolutionConfigurationPlatforms) = preSolution
		Debug|Any CPU = Debug|Any CPU
		Release|Any CPU = Release|Any CPU
	EndGlobalSection
	GlobalSection(ProjectConfigurationPlatforms) = postSolution
		{9BE32F5A-FF72-49FB-8A72-7E4EDC330A68}.Debug|Any CPU.ActiveCfg = Debug|Any CPU
		{9BE32F5A-FF72-49FB-8A72-7E4EDC330A68}.Debug|Any CPU.Build.0 = Debug|Any CPU
		{9BE32F5A-FF72-49FB-8A72-7E4EDC330A68}.Release|Any CPU.ActiveCfg = Release|Any CPU
		{9BE32F5A-FF72-49FB-8A72-7E4EDC330A68}.Release|Any CPU.Build.0 = Release|Any CPU
	EndGlobalSection
	GlobalSection(SolutionProperties) = preSolution
		HideSolutionNode = FALSE
	EndGlobalSection
	GlobalSection(ExtensibilityGlobals) = postSolution
		SolutionGuid = {3994F93E-FC76-427D-BCF3-0E861F29DE69}
	EndGlobalSection
EndGlobal
